
Microsoft Visual Studio Solution File, Format Version 12.00
# Visual Studio Version 16
VisualStudioVersion = 16.0.31205.134
MinimumVisualStudioVersion = 10.0.40219.1
Project("{FAE04EC0-301F-11D3-BF4B-00C04F79EFBC}") = "WPF - MVVM", "WPF - MVVM.csproj", "{BAC5FEA9-D5C2-40F9-A723-6BE178368BD1}"
EndProject
Global
	GlobalSection(SolutionConfigurationPlatforms) = preSolution
		Debug|Any CPU = Debug|Any CPU
		Release|Any CPU = Release|Any CPU
	EndGlobalSection
	GlobalSection(ProjectConfigurationPlatforms) = postSolution
		{BAC5FEA9-D5C2-40F9-A723-6BE178368BD1}.Debug|Any CPU.ActiveCfg = Debug|Any CPU
		{BAC5FEA9-D5C2-40F9-A723-6BE178368BD1}.Debug|Any CPU.Build.0 = Debug|Any CPU
		{BAC5FEA9-D5C2-40F9-A723-6BE178368BD1}.Release|Any CPU.ActiveCfg = Release|Any CPU
		{BAC5FEA9-D5C2-40F9-A723-6BE178368BD1}.Release|Any CPU.Build.0 = Release|Any CPU
	EndGlobalSection
	GlobalSection(SolutionProperties) = preSolution
		HideSolutionNode = FALSE
	EndGlobalSection
	GlobalSection(ExtensibilityGlobals) = postSolution
		SolutionGuid = {E3C61631-CE1E-498A-8032-49B203D6B9B0}
	EndGlobalSection
EndGlobal
