
Microsoft Visual Studio Solution File, Format Version 12.00
# Visual Studio Version 16
VisualStudioVersion = 16.0.31205.134
MinimumVisualStudioVersion = 10.0.40219.1
Project("{FAE04EC0-301F-11D3-BF4B-00C04F79EFBC}") = "MVVMPrismP2", "MVVMPrismP2.csproj", "{9F3FAB66-AB4D-452A-9EF9-16F4E273C033}"
EndProject
Global
	GlobalSection(SolutionConfigurationPlatforms) = preSolution
		Debug|Any CPU = Debug|Any CPU
		Release|Any CPU = Release|Any CPU
	EndGlobalSection
	GlobalSection(ProjectConfigurationPlatforms) = postSolution
		{9F3FAB66-AB4D-452A-9EF9-16F4E273C033}.Debug|Any CPU.ActiveCfg = Debug|Any CPU
		{9F3FAB66-AB4D-452A-9EF9-16F4E273C033}.Debug|Any CPU.Build.0 = Debug|Any CPU
		{9F3FAB66-AB4D-452A-9EF9-16F4E273C033}.Release|Any CPU.ActiveCfg = Release|Any CPU
		{9F3FAB66-AB4D-452A-9EF9-16F4E273C033}.Release|Any CPU.Build.0 = Release|Any CPU
	EndGlobalSection
	GlobalSection(SolutionProperties) = preSolution
		HideSolutionNode = FALSE
	EndGlobalSection
	GlobalSection(ExtensibilityGlobals) = postSolution
		SolutionGuid = {48D68C92-2619-4BFE-BB30-F214ECA7ABA8}
	EndGlobalSection
EndGlobal
